
Microsoft Visual Studio Solution File, Format Version 12.00
# Visual Studio 14
VisualStudioVersion = 14.0.25420.1
MinimumVisualStudioVersion = 10.0.40219.1
Project("{FAE04EC0-301F-11D3-BF4B-00C04F79EFBC}") = "NacEngine", "NacEngine\NacEngine.csproj", "{F512DD28-2D47-42FC-889E-3C67E52ACF71}"
EndProject
Project("{FAE04EC0-301F-11D3-BF4B-00C04F79EFBC}") = "NacCommon", "NacCommon\NacCommon.csproj", "{C730D387-0A03-488D-B686-582D0223D958}"
EndProject
Project("{2150E333-8FDC-42A3-9474-1A3956D46DE8}") = "Field", "Field", "{1B3EA55D-662C-4214-896B-42550ADAF82C}"
EndProject
Project("{FAE04EC0-301F-11D3-BF4B-00C04F79EFBC}") = "NacWpfUI", "NacWpfUI\NacWpfUI.csproj", "{0331C331-F003-4623-8008-6E9F22DE3D01}"
EndProject
Project("{FAE04EC0-301F-11D3-BF4B-00C04F79EFBC}") = "NacWpfHost", "NacWpfHost\NacWpfHost.csproj", "{3C322D50-3256-4E8A-B648-EC8F4CCA896B}"
EndProject
Project("{FAE04EC0-301F-11D3-BF4B-00C04F79EFBC}") = "NacXbapHost", "NacXbapHost\NacXbapHost.csproj", "{F41C5526-3F43-4A62-B0F9-DAE4F2F67990}"
EndProject
Project("{2150E333-8FDC-42A3-9474-1A3956D46DE8}") = "Test", "Test", "{177DC604-B58E-4A24-8FAE-D6F533E584D6}"
EndProject
Project("{FAE04EC0-301F-11D3-BF4B-00C04F79EFBC}") = "NacWpfSectionEditor", "NacWpfSectionEditor\NacWpfSectionEditor.csproj", "{800DA03C-DE83-433F-ACDB-695B9FF9743F}"
EndProject
Project("{FAE04EC0-301F-11D3-BF4B-00C04F79EFBC}") = "NacWpfCommon", "NacWpfCommon\NacWpfCommon.csproj", "{8079E7B6-7D68-4F93-8841-3FD26503729E}"
EndProject
Project("{2150E333-8FDC-42A3-9474-1A3956D46DE8}") = "Solution Items", "Solution Items", "{DE0DA47B-1233-4372-B6D5-D130D05766CB}"
	ProjectSection(SolutionItems) = preProject
		commands.json = commands.json
		Deploy.cmd = Deploy.cmd
		DeployExclude.txt = DeployExclude.txt
		DeployWebFrontEnd.cmd = DeployWebFrontEnd.cmd
		INstall.txt = INstall.txt
		ToDo.txt = ToDo.txt
	EndProjectSection
EndProject
Project("{2150E333-8FDC-42A3-9474-1A3956D46DE8}") = "NetworkViewModel(Original)", "NetworkViewModel(Original)", "{6C7A962A-16BF-415E-8CF3-F26FFE9E33E2}"
	ProjectSection(SolutionItems) = preProject
		NacWpfSectionEditor\NetworkModel\ConnectionViewModel.cs = NacWpfSectionEditor\NetworkModel\ConnectionViewModel.cs
		NacWpfSectionEditor\NetworkModel\ConnectorType.cs = NacWpfSectionEditor\NetworkModel\ConnectorType.cs
		NacWpfSectionEditor\NetworkModel\ConnectorViewModel.cs = NacWpfSectionEditor\NetworkModel\ConnectorViewModel.cs
		NacWpfSectionEditor\MainWindowViewModel(Original).cs = NacWpfSectionEditor\MainWindowViewModel(Original).cs
		NacWpfSectionEditor\NetworkModel\NetworkViewModel.cs = NacWpfSectionEditor\NetworkModel\NetworkViewModel.cs
		NacWpfSectionEditor\NetworkModel\NodeViewModel.cs = NacWpfSectionEditor\NetworkModel\NodeViewModel.cs
		NacWpfSectionEditor\OverviewWindow.xaml = NacWpfSectionEditor\OverviewWindow.xaml
		NacWpfSectionEditor\OverviewWindow.xaml.cs = NacWpfSectionEditor\OverviewWindow.xaml.cs
	EndProjectSection
EndProject
Project("{FAE04EC0-301F-11D3-BF4B-00C04F79EFBC}") = "NacWpfFuzzy", "NacWpfFuzzy\NacWpfFuzzy.csproj", "{97CB73D6-1F88-40C7-9EC6-CC5CDBA6D332}"
EndProject
Project("{FAE04EC0-301F-11D3-BF4B-00C04F79EFBC}") = "NacFuzzyCommon", "NacFuzzyCommon\NacFuzzyCommon.csproj", "{EF0CA4B3-2A23-4125-9809-658512709A1E}"
EndProject
Project("{FAE04EC0-301F-11D3-BF4B-00C04F79EFBC}") = "NacWcfCommon", "NacWcfCommon\NacWcfCommon.csproj", "{D7C20A55-117E-45F6-9E0E-3AEAA65DF5D0}"
EndProject
Project("{FAE04EC0-301F-11D3-BF4B-00C04F79EFBC}") = "NacFieldCitect", "Field\NacFieldCitect\NacFieldCitect.csproj", "{52FBC2A1-F7CF-402D-BDDB-C02212EBC7FF}"
EndProject
Project("{FAE04EC0-301F-11D3-BF4B-00C04F79EFBC}") = "NacCodeEditor", "NacCodeEditor\NacCodeEditor.csproj", "{8B399C13-3DEA-4A70-8AFB-A16DE7F9161C}"
EndProject
Project("{FAE04EC0-301F-11D3-BF4B-00C04F79EFBC}") = "NacSecurity", "NacSecurity\NacSecurity.csproj", "{BC68D11C-8729-4D73-9296-69FDD410B9BD}"
EndProject
Project("{FAE04EC0-301F-11D3-BF4B-00C04F79EFBC}") = "View", "FSharpWpfMvvmTemplate1\View\View.csproj", "{172C187F-E7DC-42D3-BA6A-60C84D206C8F}"
EndProject
Project("{2150E333-8FDC-42A3-9474-1A3956D46DE8}") = "Trials", "Trials", "{70BD569B-D6FD-49BC-8663-93E0B7125AD2}"
EndProject
Project("{2150E333-8FDC-42A3-9474-1A3956D46DE8}") = "FSharp", "FSharp", "{FE0BD992-FF2D-43DD-8C53-302F15BF248C}"
EndProject
Project("{FAE04EC0-301F-11D3-BF4B-00C04F79EFBC}") = "WcfServiceClientTest", "Trials\WcfServiceClientTest\WcfServiceClientTest.csproj", "{4A4385BB-28C5-447C-8FE0-36D7D4B3CFF9}"
EndProject
Project("{FAE04EC0-301F-11D3-BF4B-00C04F79EFBC}") = "AvalonEditTest", "Trials\AvalonEditTest\AvalonEditTest.csproj", "{D1F92DE8-ACE7-494F-B83F-CB042C5045A1}"
EndProject
Project("{FAE04EC0-301F-11D3-BF4B-00C04F79EFBC}") = "CtApiTest", "Trials\CtApiTest\CtApiTest.csproj", "{9FA51643-32E2-4B56-8168-6073A8388085}"
EndProject
Project("{FAE04EC0-301F-11D3-BF4B-00C04F79EFBC}") = "ExprEvalTest", "Trials\ExprEvalTest\ExprEvalTest.csproj", "{F59E553D-D2FB-435C-BA28-497805465A8B}"
EndProject
Project("{FAE04EC0-301F-11D3-BF4B-00C04F79EFBC}") = "FuzzyTest", "Trials\FuzzyTest\FuzzyTest.csproj", "{0AEC33C7-AC3A-4227-BA6A-9F0E3058B37E}"
EndProject
Project("{FAE04EC0-301F-11D3-BF4B-00C04F79EFBC}") = "NacCodeEditorXbapTest", "Trials\NacCodeEditorXbapTest\NacCodeEditorXbapTest.csproj", "{0DEC091E-23A4-40DF-A2A9-B8705D7BA815}"
EndProject
Project("{F2A71F9B-5D33-465A-A702-920D77279786}") = "NAP", "NAP\NAP.fsproj", "{78FC9148-6D5C-4F28-A0BB-DFC2E1022464}"
EndProject
Global
	GlobalSection(SolutionConfigurationPlatforms) = preSolution
		Debug|Any CPU = Debug|Any CPU
		Debug|x86 = Debug|x86
		Release|Any CPU = Release|Any CPU
		Release|x86 = Release|x86
		TYPE_SAFE|Any CPU = TYPE_SAFE|Any CPU
		TYPE_SAFE|x86 = TYPE_SAFE|x86
	EndGlobalSection
	GlobalSection(ProjectConfigurationPlatforms) = postSolution
		{F512DD28-2D47-42FC-889E-3C67E52ACF71}.Debug|Any CPU.ActiveCfg = Debug|Any CPU
		{F512DD28-2D47-42FC-889E-3C67E52ACF71}.Debug|Any CPU.Build.0 = Debug|Any CPU
		{F512DD28-2D47-42FC-889E-3C67E52ACF71}.Debug|x86.ActiveCfg = Debug|Any CPU
		{F512DD28-2D47-42FC-889E-3C67E52ACF71}.Debug|x86.Build.0 = Debug|Any CPU
		{F512DD28-2D47-42FC-889E-3C67E52ACF71}.Release|Any CPU.ActiveCfg = Release|Any CPU
		{F512DD28-2D47-42FC-889E-3C67E52ACF71}.Release|Any CPU.Build.0 = Release|Any CPU
		{F512DD28-2D47-42FC-889E-3C67E52ACF71}.Release|x86.ActiveCfg = Release|Any CPU
		{F512DD28-2D47-42FC-889E-3C67E52ACF71}.Release|x86.Build.0 = Release|Any CPU
		{F512DD28-2D47-42FC-889E-3C67E52ACF71}.TYPE_SAFE|Any CPU.ActiveCfg = Release|Any CPU
		{F512DD28-2D47-42FC-889E-3C67E52ACF71}.TYPE_SAFE|Any CPU.Build.0 = Release|Any CPU
		{F512DD28-2D47-42FC-889E-3C67E52ACF71}.TYPE_SAFE|x86.ActiveCfg = Release|Any CPU
		{F512DD28-2D47-42FC-889E-3C67E52ACF71}.TYPE_SAFE|x86.Build.0 = Release|Any CPU
		{C730D387-0A03-488D-B686-582D0223D958}.Debug|Any CPU.ActiveCfg = Debug|Any CPU
		{C730D387-0A03-488D-B686-582D0223D958}.Debug|Any CPU.Build.0 = Debug|Any CPU
		{C730D387-0A03-488D-B686-582D0223D958}.Debug|x86.ActiveCfg = Debug|Any CPU
		{C730D387-0A03-488D-B686-582D0223D958}.Debug|x86.Build.0 = Debug|Any CPU
		{C730D387-0A03-488D-B686-582D0223D958}.Release|Any CPU.ActiveCfg = Release|Any CPU
		{C730D387-0A03-488D-B686-582D0223D958}.Release|Any CPU.Build.0 = Release|Any CPU
		{C730D387-0A03-488D-B686-582D0223D958}.Release|x86.ActiveCfg = Release|Any CPU
		{C730D387-0A03-488D-B686-582D0223D958}.Release|x86.Build.0 = Release|Any CPU
		{C730D387-0A03-488D-B686-582D0223D958}.TYPE_SAFE|Any CPU.ActiveCfg = Release|Any CPU
		{C730D387-0A03-488D-B686-582D0223D958}.TYPE_SAFE|Any CPU.Build.0 = Release|Any CPU
		{C730D387-0A03-488D-B686-582D0223D958}.TYPE_SAFE|x86.ActiveCfg = Release|Any CPU
		{C730D387-0A03-488D-B686-582D0223D958}.TYPE_SAFE|x86.Build.0 = Release|Any CPU
		{0331C331-F003-4623-8008-6E9F22DE3D01}.Debug|Any CPU.ActiveCfg = Debug|Any CPU
		{0331C331-F003-4623-8008-6E9F22DE3D01}.Debug|Any CPU.Build.0 = Debug|Any CPU
		{0331C331-F003-4623-8008-6E9F22DE3D01}.Debug|x86.ActiveCfg = Debug|Any CPU
		{0331C331-F003-4623-8008-6E9F22DE3D01}.Debug|x86.Build.0 = Debug|Any CPU
		{0331C331-F003-4623-8008-6E9F22DE3D01}.Release|Any CPU.ActiveCfg = Release|Any CPU
		{0331C331-F003-4623-8008-6E9F22DE3D01}.Release|Any CPU.Build.0 = Release|Any CPU
		{0331C331-F003-4623-8008-6E9F22DE3D01}.Release|x86.ActiveCfg = Release|Any CPU
		{0331C331-F003-4623-8008-6E9F22DE3D01}.Release|x86.Build.0 = Release|Any CPU
		{0331C331-F003-4623-8008-6E9F22DE3D01}.TYPE_SAFE|Any CPU.ActiveCfg = Release|Any CPU
		{0331C331-F003-4623-8008-6E9F22DE3D01}.TYPE_SAFE|Any CPU.Build.0 = Release|Any CPU
		{0331C331-F003-4623-8008-6E9F22DE3D01}.TYPE_SAFE|x86.ActiveCfg = Release|Any CPU
		{0331C331-F003-4623-8008-6E9F22DE3D01}.TYPE_SAFE|x86.Build.0 = Release|Any CPU
		{3C322D50-3256-4E8A-B648-EC8F4CCA896B}.Debug|Any CPU.ActiveCfg = Debug|Any CPU
		{3C322D50-3256-4E8A-B648-EC8F4CCA896B}.Debug|Any CPU.Build.0 = Debug|Any CPU
		{3C322D50-3256-4E8A-B648-EC8F4CCA896B}.Debug|x86.ActiveCfg = Debug|Any CPU
		{3C322D50-3256-4E8A-B648-EC8F4CCA896B}.Debug|x86.Build.0 = Debug|Any CPU
		{3C322D50-3256-4E8A-B648-EC8F4CCA896B}.Release|Any CPU.ActiveCfg = Release|Any CPU
		{3C322D50-3256-4E8A-B648-EC8F4CCA896B}.Release|Any CPU.Build.0 = Release|Any CPU
		{3C322D50-3256-4E8A-B648-EC8F4CCA896B}.Release|x86.ActiveCfg = Release|Any CPU
		{3C322D50-3256-4E8A-B648-EC8F4CCA896B}.Release|x86.Build.0 = Release|Any CPU
		{3C322D50-3256-4E8A-B648-EC8F4CCA896B}.TYPE_SAFE|Any CPU.ActiveCfg = Release|Any CPU
		{3C322D50-3256-4E8A-B648-EC8F4CCA896B}.TYPE_SAFE|Any CPU.Build.0 = Release|Any CPU
		{3C322D50-3256-4E8A-B648-EC8F4CCA896B}.TYPE_SAFE|x86.ActiveCfg = Release|Any CPU
		{3C322D50-3256-4E8A-B648-EC8F4CCA896B}.TYPE_SAFE|x86.Build.0 = Release|Any CPU
		{F41C5526-3F43-4A62-B0F9-DAE4F2F67990}.Debug|Any CPU.ActiveCfg = Debug|Any CPU
		{F41C5526-3F43-4A62-B0F9-DAE4F2F67990}.Debug|Any CPU.Build.0 = Debug|Any CPU
		{F41C5526-3F43-4A62-B0F9-DAE4F2F67990}.Debug|x86.ActiveCfg = Debug|Any CPU
		{F41C5526-3F43-4A62-B0F9-DAE4F2F67990}.Debug|x86.Build.0 = Debug|Any CPU
		{F41C5526-3F43-4A62-B0F9-DAE4F2F67990}.Release|Any CPU.ActiveCfg = Release|Any CPU
		{F41C5526-3F43-4A62-B0F9-DAE4F2F67990}.Release|Any CPU.Build.0 = Release|Any CPU
		{F41C5526-3F43-4A62-B0F9-DAE4F2F67990}.Release|x86.ActiveCfg = Release|Any CPU
		{F41C5526-3F43-4A62-B0F9-DAE4F2F67990}.Release|x86.Build.0 = Release|Any CPU
		{F41C5526-3F43-4A62-B0F9-DAE4F2F67990}.TYPE_SAFE|Any CPU.ActiveCfg = Release|Any CPU
		{F41C5526-3F43-4A62-B0F9-DAE4F2F67990}.TYPE_SAFE|Any CPU.Build.0 = Release|Any CPU
		{F41C5526-3F43-4A62-B0F9-DAE4F2F67990}.TYPE_SAFE|x86.ActiveCfg = Release|Any CPU
		{F41C5526-3F43-4A62-B0F9-DAE4F2F67990}.TYPE_SAFE|x86.Build.0 = Release|Any CPU
		{800DA03C-DE83-433F-ACDB-695B9FF9743F}.Debug|Any CPU.ActiveCfg = Debug|Any CPU
		{800DA03C-DE83-433F-ACDB-695B9FF9743F}.Debug|Any CPU.Build.0 = Debug|Any CPU
		{800DA03C-DE83-433F-ACDB-695B9FF9743F}.Debug|x86.ActiveCfg = Debug|Any CPU
		{800DA03C-DE83-433F-ACDB-695B9FF9743F}.Debug|x86.Build.0 = Debug|Any CPU
		{800DA03C-DE83-433F-ACDB-695B9FF9743F}.Release|Any CPU.ActiveCfg = Release|Any CPU
		{800DA03C-DE83-433F-ACDB-695B9FF9743F}.Release|Any CPU.Build.0 = Release|Any CPU
		{800DA03C-DE83-433F-ACDB-695B9FF9743F}.Release|x86.ActiveCfg = Release|Any CPU
		{800DA03C-DE83-433F-ACDB-695B9FF9743F}.Release|x86.Build.0 = Release|Any CPU
		{800DA03C-DE83-433F-ACDB-695B9FF9743F}.TYPE_SAFE|Any CPU.ActiveCfg = Release|Any CPU
		{800DA03C-DE83-433F-ACDB-695B9FF9743F}.TYPE_SAFE|Any CPU.Build.0 = Release|Any CPU
		{800DA03C-DE83-433F-ACDB-695B9FF9743F}.TYPE_SAFE|x86.ActiveCfg = Release|Any CPU
		{800DA03C-DE83-433F-ACDB-695B9FF9743F}.TYPE_SAFE|x86.Build.0 = Release|Any CPU
		{8079E7B6-7D68-4F93-8841-3FD26503729E}.Debug|Any CPU.ActiveCfg = Debug|Any CPU
		{8079E7B6-7D68-4F93-8841-3FD26503729E}.Debug|Any CPU.Build.0 = Debug|Any CPU
		{8079E7B6-7D68-4F93-8841-3FD26503729E}.Debug|x86.ActiveCfg = Debug|Any CPU
		{8079E7B6-7D68-4F93-8841-3FD26503729E}.Debug|x86.Build.0 = Debug|Any CPU
		{8079E7B6-7D68-4F93-8841-3FD26503729E}.Release|Any CPU.ActiveCfg = Release|Any CPU
		{8079E7B6-7D68-4F93-8841-3FD26503729E}.Release|Any CPU.Build.0 = Release|Any CPU
		{8079E7B6-7D68-4F93-8841-3FD26503729E}.Release|x86.ActiveCfg = Release|Any CPU
		{8079E7B6-7D68-4F93-8841-3FD26503729E}.Release|x86.Build.0 = Release|Any CPU
		{8079E7B6-7D68-4F93-8841-3FD26503729E}.TYPE_SAFE|Any CPU.ActiveCfg = Release|Any CPU
		{8079E7B6-7D68-4F93-8841-3FD26503729E}.TYPE_SAFE|Any CPU.Build.0 = Release|Any CPU
		{8079E7B6-7D68-4F93-8841-3FD26503729E}.TYPE_SAFE|x86.ActiveCfg = Release|Any CPU
		{8079E7B6-7D68-4F93-8841-3FD26503729E}.TYPE_SAFE|x86.Build.0 = Release|Any CPU
		{97CB73D6-1F88-40C7-9EC6-CC5CDBA6D332}.Debug|Any CPU.ActiveCfg = Debug|Any CPU
		{97CB73D6-1F88-40C7-9EC6-CC5CDBA6D332}.Debug|Any CPU.Build.0 = Debug|Any CPU
		{97CB73D6-1F88-40C7-9EC6-CC5CDBA6D332}.Debug|x86.ActiveCfg = Debug|Any CPU
		{97CB73D6-1F88-40C7-9EC6-CC5CDBA6D332}.Debug|x86.Build.0 = Debug|Any CPU
		{97CB73D6-1F88-40C7-9EC6-CC5CDBA6D332}.Release|Any CPU.ActiveCfg = Release|Any CPU
		{97CB73D6-1F88-40C7-9EC6-CC5CDBA6D332}.Release|Any CPU.Build.0 = Release|Any CPU
		{97CB73D6-1F88-40C7-9EC6-CC5CDBA6D332}.Release|x86.ActiveCfg = Release|Any CPU
		{97CB73D6-1F88-40C7-9EC6-CC5CDBA6D332}.Release|x86.Build.0 = Release|Any CPU
		{97CB73D6-1F88-40C7-9EC6-CC5CDBA6D332}.TYPE_SAFE|Any CPU.ActiveCfg = Release|Any CPU
		{97CB73D6-1F88-40C7-9EC6-CC5CDBA6D332}.TYPE_SAFE|Any CPU.Build.0 = Release|Any CPU
		{97CB73D6-1F88-40C7-9EC6-CC5CDBA6D332}.TYPE_SAFE|x86.ActiveCfg = Release|Any CPU
		{97CB73D6-1F88-40C7-9EC6-CC5CDBA6D332}.TYPE_SAFE|x86.Build.0 = Release|Any CPU
		{EF0CA4B3-2A23-4125-9809-658512709A1E}.Debug|Any CPU.ActiveCfg = Debug|Any CPU
		{EF0CA4B3-2A23-4125-9809-658512709A1E}.Debug|Any CPU.Build.0 = Debug|Any CPU
		{EF0CA4B3-2A23-4125-9809-658512709A1E}.Debug|x86.ActiveCfg = Debug|Any CPU
		{EF0CA4B3-2A23-4125-9809-658512709A1E}.Debug|x86.Build.0 = Debug|Any CPU
		{EF0CA4B3-2A23-4125-9809-658512709A1E}.Release|Any CPU.ActiveCfg = Release|Any CPU
		{EF0CA4B3-2A23-4125-9809-658512709A1E}.Release|Any CPU.Build.0 = Release|Any CPU
		{EF0CA4B3-2A23-4125-9809-658512709A1E}.Release|x86.ActiveCfg = Release|Any CPU
		{EF0CA4B3-2A23-4125-9809-658512709A1E}.Release|x86.Build.0 = Release|Any CPU
		{EF0CA4B3-2A23-4125-9809-658512709A1E}.TYPE_SAFE|Any CPU.ActiveCfg = Release|Any CPU
		{EF0CA4B3-2A23-4125-9809-658512709A1E}.TYPE_SAFE|Any CPU.Build.0 = Release|Any CPU
		{EF0CA4B3-2A23-4125-9809-658512709A1E}.TYPE_SAFE|x86.ActiveCfg = Release|Any CPU
		{EF0CA4B3-2A23-4125-9809-658512709A1E}.TYPE_SAFE|x86.Build.0 = Release|Any CPU
		{D7C20A55-117E-45F6-9E0E-3AEAA65DF5D0}.Debug|Any CPU.ActiveCfg = Debug|Any CPU
		{D7C20A55-117E-45F6-9E0E-3AEAA65DF5D0}.Debug|Any CPU.Build.0 = Debug|Any CPU
		{D7C20A55-117E-45F6-9E0E-3AEAA65DF5D0}.Debug|x86.ActiveCfg = Debug|Any CPU
		{D7C20A55-117E-45F6-9E0E-3AEAA65DF5D0}.Debug|x86.Build.0 = Debug|Any CPU
		{D7C20A55-117E-45F6-9E0E-3AEAA65DF5D0}.Release|Any CPU.ActiveCfg = Release|Any CPU
		{D7C20A55-117E-45F6-9E0E-3AEAA65DF5D0}.Release|Any CPU.Build.0 = Release|Any CPU
		{D7C20A55-117E-45F6-9E0E-3AEAA65DF5D0}.Release|x86.ActiveCfg = Release|Any CPU
		{D7C20A55-117E-45F6-9E0E-3AEAA65DF5D0}.Release|x86.Build.0 = Release|Any CPU
		{D7C20A55-117E-45F6-9E0E-3AEAA65DF5D0}.TYPE_SAFE|Any CPU.ActiveCfg = Release|Any CPU
		{D7C20A55-117E-45F6-9E0E-3AEAA65DF5D0}.TYPE_SAFE|Any CPU.Build.0 = Release|Any CPU
		{D7C20A55-117E-45F6-9E0E-3AEAA65DF5D0}.TYPE_SAFE|x86.ActiveCfg = Release|Any CPU
		{D7C20A55-117E-45F6-9E0E-3AEAA65DF5D0}.TYPE_SAFE|x86.Build.0 = Release|Any CPU
		{52FBC2A1-F7CF-402D-BDDB-C02212EBC7FF}.Debug|Any CPU.ActiveCfg = Debug|Any CPU
		{52FBC2A1-F7CF-402D-BDDB-C02212EBC7FF}.Debug|Any CPU.Build.0 = Debug|Any CPU
		{52FBC2A1-F7CF-402D-BDDB-C02212EBC7FF}.Debug|x86.ActiveCfg = Debug|Any CPU
		{52FBC2A1-F7CF-402D-BDDB-C02212EBC7FF}.Debug|x86.Build.0 = Debug|Any CPU
		{52FBC2A1-F7CF-402D-BDDB-C02212EBC7FF}.Release|Any CPU.ActiveCfg = Release|Any CPU
		{52FBC2A1-F7CF-402D-BDDB-C02212EBC7FF}.Release|Any CPU.Build.0 = Release|Any CPU
		{52FBC2A1-F7CF-402D-BDDB-C02212EBC7FF}.Release|x86.ActiveCfg = Release|Any CPU
		{52FBC2A1-F7CF-402D-BDDB-C02212EBC7FF}.Release|x86.Build.0 = Release|Any CPU
		{52FBC2A1-F7CF-402D-BDDB-C02212EBC7FF}.TYPE_SAFE|Any CPU.ActiveCfg = Release|Any CPU
		{52FBC2A1-F7CF-402D-BDDB-C02212EBC7FF}.TYPE_SAFE|Any CPU.Build.0 = Release|Any CPU
		{52FBC2A1-F7CF-402D-BDDB-C02212EBC7FF}.TYPE_SAFE|x86.ActiveCfg = Release|Any CPU
		{52FBC2A1-F7CF-402D-BDDB-C02212EBC7FF}.TYPE_SAFE|x86.Build.0 = Release|Any CPU
		{8B399C13-3DEA-4A70-8AFB-A16DE7F9161C}.Debug|Any CPU.ActiveCfg = Debug|Any CPU
		{8B399C13-3DEA-4A70-8AFB-A16DE7F9161C}.Debug|Any CPU.Build.0 = Debug|Any CPU
		{8B399C13-3DEA-4A70-8AFB-A16DE7F9161C}.Debug|x86.ActiveCfg = Debug|Any CPU
		{8B399C13-3DEA-4A70-8AFB-A16DE7F9161C}.Debug|x86.Build.0 = Debug|Any CPU
		{8B399C13-3DEA-4A70-8AFB-A16DE7F9161C}.Release|Any CPU.ActiveCfg = Release|Any CPU
		{8B399C13-3DEA-4A70-8AFB-A16DE7F9161C}.Release|Any CPU.Build.0 = Release|Any CPU
		{8B399C13-3DEA-4A70-8AFB-A16DE7F9161C}.Release|x86.ActiveCfg = Release|Any CPU
		{8B399C13-3DEA-4A70-8AFB-A16DE7F9161C}.Release|x86.Build.0 = Release|Any CPU
		{8B399C13-3DEA-4A70-8AFB-A16DE7F9161C}.TYPE_SAFE|Any CPU.ActiveCfg = Release|Any CPU
		{8B399C13-3DEA-4A70-8AFB-A16DE7F9161C}.TYPE_SAFE|Any CPU.Build.0 = Release|Any CPU
		{8B399C13-3DEA-4A70-8AFB-A16DE7F9161C}.TYPE_SAFE|x86.ActiveCfg = Release|Any CPU
		{8B399C13-3DEA-4A70-8AFB-A16DE7F9161C}.TYPE_SAFE|x86.Build.0 = Release|Any CPU
		{BC68D11C-8729-4D73-9296-69FDD410B9BD}.Debug|Any CPU.ActiveCfg = Debug|Any CPU
		{BC68D11C-8729-4D73-9296-69FDD410B9BD}.Debug|Any CPU.Build.0 = Debug|Any CPU
		{BC68D11C-8729-4D73-9296-69FDD410B9BD}.Debug|x86.ActiveCfg = Debug|Any CPU
		{BC68D11C-8729-4D73-9296-69FDD410B9BD}.Debug|x86.Build.0 = Debug|Any CPU
		{BC68D11C-8729-4D73-9296-69FDD410B9BD}.Release|Any CPU.ActiveCfg = Release|Any CPU
		{BC68D11C-8729-4D73-9296-69FDD410B9BD}.Release|Any CPU.Build.0 = Release|Any CPU
		{BC68D11C-8729-4D73-9296-69FDD410B9BD}.Release|x86.ActiveCfg = Release|Any CPU
		{BC68D11C-8729-4D73-9296-69FDD410B9BD}.Release|x86.Build.0 = Release|Any CPU
		{BC68D11C-8729-4D73-9296-69FDD410B9BD}.TYPE_SAFE|Any CPU.ActiveCfg = Release|Any CPU
		{BC68D11C-8729-4D73-9296-69FDD410B9BD}.TYPE_SAFE|Any CPU.Build.0 = Release|Any CPU
		{BC68D11C-8729-4D73-9296-69FDD410B9BD}.TYPE_SAFE|x86.ActiveCfg = Release|Any CPU
		{BC68D11C-8729-4D73-9296-69FDD410B9BD}.TYPE_SAFE|x86.Build.0 = Release|Any CPU
		{172C187F-E7DC-42D3-BA6A-60C84D206C8F}.Debug|Any CPU.ActiveCfg = Debug|x86
		{172C187F-E7DC-42D3-BA6A-60C84D206C8F}.Debug|x86.ActiveCfg = Debug|x86
		{172C187F-E7DC-42D3-BA6A-60C84D206C8F}.Debug|x86.Build.0 = Debug|x86
		{172C187F-E7DC-42D3-BA6A-60C84D206C8F}.Release|Any CPU.ActiveCfg = Release|x86
		{172C187F-E7DC-42D3-BA6A-60C84D206C8F}.Release|x86.ActiveCfg = Release|x86
		{172C187F-E7DC-42D3-BA6A-60C84D206C8F}.Release|x86.Build.0 = Release|x86
		{172C187F-E7DC-42D3-BA6A-60C84D206C8F}.TYPE_SAFE|Any CPU.ActiveCfg = Release|x86
		{172C187F-E7DC-42D3-BA6A-60C84D206C8F}.TYPE_SAFE|Any CPU.Build.0 = Release|x86
		{172C187F-E7DC-42D3-BA6A-60C84D206C8F}.TYPE_SAFE|x86.ActiveCfg = Release|x86
		{172C187F-E7DC-42D3-BA6A-60C84D206C8F}.TYPE_SAFE|x86.Build.0 = Release|x86
		{4A4385BB-28C5-447C-8FE0-36D7D4B3CFF9}.Debug|Any CPU.ActiveCfg = Debug|Any CPU
		{4A4385BB-28C5-447C-8FE0-36D7D4B3CFF9}.Debug|Any CPU.Build.0 = Debug|Any CPU
		{4A4385BB-28C5-447C-8FE0-36D7D4B3CFF9}.Debug|x86.ActiveCfg = Debug|Any CPU
		{4A4385BB-28C5-447C-8FE0-36D7D4B3CFF9}.Debug|x86.Build.0 = Debug|Any CPU
		{4A4385BB-28C5-447C-8FE0-36D7D4B3CFF9}.Release|Any CPU.ActiveCfg = Release|Any CPU
		{4A4385BB-28C5-447C-8FE0-36D7D4B3CFF9}.Release|Any CPU.Build.0 = Release|Any CPU
		{4A4385BB-28C5-447C-8FE0-36D7D4B3CFF9}.Release|x86.ActiveCfg = Release|Any CPU
		{4A4385BB-28C5-447C-8FE0-36D7D4B3CFF9}.Release|x86.Build.0 = Release|Any CPU
		{4A4385BB-28C5-447C-8FE0-36D7D4B3CFF9}.TYPE_SAFE|Any CPU.ActiveCfg = Release|Any CPU
		{4A4385BB-28C5-447C-8FE0-36D7D4B3CFF9}.TYPE_SAFE|Any CPU.Build.0 = Release|Any CPU
		{4A4385BB-28C5-447C-8FE0-36D7D4B3CFF9}.TYPE_SAFE|x86.ActiveCfg = Release|Any CPU
		{4A4385BB-28C5-447C-8FE0-36D7D4B3CFF9}.TYPE_SAFE|x86.Build.0 = Release|Any CPU
		{D1F92DE8-ACE7-494F-B83F-CB042C5045A1}.Debug|Any CPU.ActiveCfg = Debug|Any CPU
		{D1F92DE8-ACE7-494F-B83F-CB042C5045A1}.Debug|Any CPU.Build.0 = Debug|Any CPU
		{D1F92DE8-ACE7-494F-B83F-CB042C5045A1}.Debug|x86.ActiveCfg = Debug|Any CPU
		{D1F92DE8-ACE7-494F-B83F-CB042C5045A1}.Debug|x86.Build.0 = Debug|Any CPU
		{D1F92DE8-ACE7-494F-B83F-CB042C5045A1}.Release|Any CPU.ActiveCfg = Release|Any CPU
		{D1F92DE8-ACE7-494F-B83F-CB042C5045A1}.Release|Any CPU.Build.0 = Release|Any CPU
		{D1F92DE8-ACE7-494F-B83F-CB042C5045A1}.Release|x86.ActiveCfg = Release|Any CPU
		{D1F92DE8-ACE7-494F-B83F-CB042C5045A1}.Release|x86.Build.0 = Release|Any CPU
		{D1F92DE8-ACE7-494F-B83F-CB042C5045A1}.TYPE_SAFE|Any CPU.ActiveCfg = Release|Any CPU
		{D1F92DE8-ACE7-494F-B83F-CB042C5045A1}.TYPE_SAFE|Any CPU.Build.0 = Release|Any CPU
		{D1F92DE8-ACE7-494F-B83F-CB042C5045A1}.TYPE_SAFE|x86.ActiveCfg = Release|Any CPU
		{D1F92DE8-ACE7-494F-B83F-CB042C5045A1}.TYPE_SAFE|x86.Build.0 = Release|Any CPU
		{9FA51643-32E2-4B56-8168-6073A8388085}.Debug|Any CPU.ActiveCfg = Debug|Any CPU
		{9FA51643-32E2-4B56-8168-6073A8388085}.Debug|Any CPU.Build.0 = Debug|Any CPU
		{9FA51643-32E2-4B56-8168-6073A8388085}.Debug|x86.ActiveCfg = Debug|Any CPU
		{9FA51643-32E2-4B56-8168-6073A8388085}.Debug|x86.Build.0 = Debug|Any CPU
		{9FA51643-32E2-4B56-8168-6073A8388085}.Release|Any CPU.ActiveCfg = Release|Any CPU
		{9FA51643-32E2-4B56-8168-6073A8388085}.Release|Any CPU.Build.0 = Release|Any CPU
		{9FA51643-32E2-4B56-8168-6073A8388085}.Release|x86.ActiveCfg = Release|Any CPU
		{9FA51643-32E2-4B56-8168-6073A8388085}.Release|x86.Build.0 = Release|Any CPU
		{9FA51643-32E2-4B56-8168-6073A8388085}.TYPE_SAFE|Any CPU.ActiveCfg = Release|Any CPU
		{9FA51643-32E2-4B56-8168-6073A8388085}.TYPE_SAFE|Any CPU.Build.0 = Release|Any CPU
		{9FA51643-32E2-4B56-8168-6073A8388085}.TYPE_SAFE|x86.ActiveCfg = Release|Any CPU
		{9FA51643-32E2-4B56-8168-6073A8388085}.TYPE_SAFE|x86.Build.0 = Release|Any CPU
		{F59E553D-D2FB-435C-BA28-497805465A8B}.Debug|Any CPU.ActiveCfg = Debug|Any CPU
		{F59E553D-D2FB-435C-BA28-497805465A8B}.Debug|Any CPU.Build.0 = Debug|Any CPU
		{F59E553D-D2FB-435C-BA28-497805465A8B}.Debug|x86.ActiveCfg = Debug|Any CPU
		{F59E553D-D2FB-435C-BA28-497805465A8B}.Debug|x86.Build.0 = Debug|Any CPU
		{F59E553D-D2FB-435C-BA28-497805465A8B}.Release|Any CPU.ActiveCfg = Release|Any CPU
		{F59E553D-D2FB-435C-BA28-497805465A8B}.Release|Any CPU.Build.0 = Release|Any CPU
		{F59E553D-D2FB-435C-BA28-497805465A8B}.Release|x86.ActiveCfg = Release|Any CPU
		{F59E553D-D2FB-435C-BA28-497805465A8B}.Release|x86.Build.0 = Release|Any CPU
		{F59E553D-D2FB-435C-BA28-497805465A8B}.TYPE_SAFE|Any CPU.ActiveCfg = Release|Any CPU
		{F59E553D-D2FB-435C-BA28-497805465A8B}.TYPE_SAFE|Any CPU.Build.0 = Release|Any CPU
		{F59E553D-D2FB-435C-BA28-497805465A8B}.TYPE_SAFE|x86.ActiveCfg = Release|Any CPU
		{F59E553D-D2FB-435C-BA28-497805465A8B}.TYPE_SAFE|x86.Build.0 = Release|Any CPU
		{0AEC33C7-AC3A-4227-BA6A-9F0E3058B37E}.Debug|Any CPU.ActiveCfg = Debug|Any CPU
		{0AEC33C7-AC3A-4227-BA6A-9F0E3058B37E}.Debug|Any CPU.Build.0 = Debug|Any CPU
		{0AEC33C7-AC3A-4227-BA6A-9F0E3058B37E}.Debug|x86.ActiveCfg = Debug|Any CPU
		{0AEC33C7-AC3A-4227-BA6A-9F0E3058B37E}.Debug|x86.Build.0 = Debug|Any CPU
		{0AEC33C7-AC3A-4227-BA6A-9F0E3058B37E}.Release|Any CPU.ActiveCfg = Release|Any CPU
		{0AEC33C7-AC3A-4227-BA6A-9F0E3058B37E}.Release|Any CPU.Build.0 = Release|Any CPU
		{0AEC33C7-AC3A-4227-BA6A-9F0E3058B37E}.Release|x86.ActiveCfg = Release|Any CPU
		{0AEC33C7-AC3A-4227-BA6A-9F0E3058B37E}.Release|x86.Build.0 = Release|Any CPU
		{0AEC33C7-AC3A-4227-BA6A-9F0E3058B37E}.TYPE_SAFE|Any CPU.ActiveCfg = Release|Any CPU
		{0AEC33C7-AC3A-4227-BA6A-9F0E3058B37E}.TYPE_SAFE|Any CPU.Build.0 = Release|Any CPU
		{0AEC33C7-AC3A-4227-BA6A-9F0E3058B37E}.TYPE_SAFE|x86.ActiveCfg = Release|Any CPU
		{0AEC33C7-AC3A-4227-BA6A-9F0E3058B37E}.TYPE_SAFE|x86.Build.0 = Release|Any CPU
		{0DEC091E-23A4-40DF-A2A9-B8705D7BA815}.Debug|Any CPU.ActiveCfg = Debug|Any CPU
		{0DEC091E-23A4-40DF-A2A9-B8705D7BA815}.Debug|Any CPU.Build.0 = Debug|Any CPU
		{0DEC091E-23A4-40DF-A2A9-B8705D7BA815}.Debug|x86.ActiveCfg = Debug|Any CPU
		{0DEC091E-23A4-40DF-A2A9-B8705D7BA815}.Debug|x86.Build.0 = Debug|Any CPU
		{0DEC091E-23A4-40DF-A2A9-B8705D7BA815}.Release|Any CPU.ActiveCfg = Release|Any CPU
		{0DEC091E-23A4-40DF-A2A9-B8705D7BA815}.Release|Any CPU.Build.0 = Release|Any CPU
		{0DEC091E-23A4-40DF-A2A9-B8705D7BA815}.Release|x86.ActiveCfg = Release|Any CPU
		{0DEC091E-23A4-40DF-A2A9-B8705D7BA815}.Release|x86.Build.0 = Release|Any CPU
		{0DEC091E-23A4-40DF-A2A9-B8705D7BA815}.TYPE_SAFE|Any CPU.ActiveCfg = Release|Any CPU
		{0DEC091E-23A4-40DF-A2A9-B8705D7BA815}.TYPE_SAFE|Any CPU.Build.0 = Release|Any CPU
		{0DEC091E-23A4-40DF-A2A9-B8705D7BA815}.TYPE_SAFE|x86.ActiveCfg = Release|Any CPU
		{0DEC091E-23A4-40DF-A2A9-B8705D7BA815}.TYPE_SAFE|x86.Build.0 = Release|Any CPU
		{78FC9148-6D5C-4F28-A0BB-DFC2E1022464}.Debug|Any CPU.ActiveCfg = Debug|Any CPU
		{78FC9148-6D5C-4F28-A0BB-DFC2E1022464}.Debug|Any CPU.Build.0 = Debug|Any CPU
		{78FC9148-6D5C-4F28-A0BB-DFC2E1022464}.Debug|x86.ActiveCfg = Debug|Any CPU
		{78FC9148-6D5C-4F28-A0BB-DFC2E1022464}.Debug|x86.Build.0 = Debug|Any CPU
		{78FC9148-6D5C-4F28-A0BB-DFC2E1022464}.Release|Any CPU.ActiveCfg = Release|Any CPU
		{78FC9148-6D5C-4F28-A0BB-DFC2E1022464}.Release|Any CPU.Build.0 = Release|Any CPU
		{78FC9148-6D5C-4F28-A0BB-DFC2E1022464}.Release|x86.ActiveCfg = Release|Any CPU
		{78FC9148-6D5C-4F28-A0BB-DFC2E1022464}.Release|x86.Build.0 = Release|Any CPU
		{78FC9148-6D5C-4F28-A0BB-DFC2E1022464}.TYPE_SAFE|Any CPU.ActiveCfg = Release|Any CPU
		{78FC9148-6D5C-4F28-A0BB-DFC2E1022464}.TYPE_SAFE|Any CPU.Build.0 = Release|Any CPU
		{78FC9148-6D5C-4F28-A0BB-DFC2E1022464}.TYPE_SAFE|x86.ActiveCfg = Release|Any CPU
		{78FC9148-6D5C-4F28-A0BB-DFC2E1022464}.TYPE_SAFE|x86.Build.0 = Release|Any CPU
	EndGlobalSection
	GlobalSection(SolutionProperties) = preSolution
		HideSolutionNode = FALSE
	EndGlobalSection
	GlobalSection(NestedProjects) = preSolution
		{6C7A962A-16BF-415E-8CF3-F26FFE9E33E2} = {DE0DA47B-1233-4372-B6D5-D130D05766CB}
		{52FBC2A1-F7CF-402D-BDDB-C02212EBC7FF} = {1B3EA55D-662C-4214-896B-42550ADAF82C}
		{4A4385BB-28C5-447C-8FE0-36D7D4B3CFF9} = {70BD569B-D6FD-49BC-8663-93E0B7125AD2}
		{D1F92DE8-ACE7-494F-B83F-CB042C5045A1} = {70BD569B-D6FD-49BC-8663-93E0B7125AD2}
		{9FA51643-32E2-4B56-8168-6073A8388085} = {70BD569B-D6FD-49BC-8663-93E0B7125AD2}
		{F59E553D-D2FB-435C-BA28-497805465A8B} = {70BD569B-D6FD-49BC-8663-93E0B7125AD2}
		{0AEC33C7-AC3A-4227-BA6A-9F0E3058B37E} = {70BD569B-D6FD-49BC-8663-93E0B7125AD2}
		{0DEC091E-23A4-40DF-A2A9-B8705D7BA815} = {70BD569B-D6FD-49BC-8663-93E0B7125AD2}
		{78FC9148-6D5C-4F28-A0BB-DFC2E1022464} = {FE0BD992-FF2D-43DD-8C53-302F15BF248C}
	EndGlobalSection
EndGlobal
